
Microsoft Visual Studio Solution File, Format Version 12.00
# Visual Studio Version 17
VisualStudioVersion = 17.9.34616.47
MinimumVisualStudioVersion = 10.0.40219.1
Project("{FAE04EC0-301F-11D3-BF4B-00C04F79EFBC}") = "RezervareFilmeNet8", "RezervareFilmeNet8.csproj", "{D9CF30C7-961E-4E02-B6A4-A6F86ABFF673}"
EndProject
Global
	GlobalSection(SolutionConfigurationPlatforms) = preSolution
		Debug|Any CPU = Debug|Any CPU
		Release|Any CPU = Release|Any CPU
	EndGlobalSection
	GlobalSection(ProjectConfigurationPlatforms) = postSolution
		{D9CF30C7-961E-4E02-B6A4-A6F86ABFF673}.Debug|Any CPU.ActiveCfg = Debug|Any CPU
		{D9CF30C7-961E-4E02-B6A4-A6F86ABFF673}.Debug|Any CPU.Build.0 = Debug|Any CPU
		{D9CF30C7-961E-4E02-B6A4-A6F86ABFF673}.Debug|Any CPU.Deploy.0 = Debug|Any CPU
		{D9CF30C7-961E-4E02-B6A4-A6F86ABFF673}.Release|Any CPU.ActiveCfg = Release|Any CPU
		{D9CF30C7-961E-4E02-B6A4-A6F86ABFF673}.Release|Any CPU.Build.0 = Release|Any CPU
		{D9CF30C7-961E-4E02-B6A4-A6F86ABFF673}.Release|Any CPU.Deploy.0 = Release|Any CPU
	EndGlobalSection
	GlobalSection(SolutionProperties) = preSolution
		HideSolutionNode = FALSE
	EndGlobalSection
	GlobalSection(ExtensibilityGlobals) = postSolution
		SolutionGuid = {70F4C306-7D4C-4D44-AA09-320FF9997312}
	EndGlobalSection
EndGlobal
